<?xml version="1.0" encoding="utf-8"?>
<Project ToolsVersion="4.0" xmlns="http://schemas.microsoft.com/developer/msbuild/2003">
  <ItemGroup>
    <Filter Include="Pliki źródłowe">
      <UniqueIdentifier>{4FC737F1-C7A5-4376-A066-2A32D752A2FF}</UniqueIdentifier>
      <Extensions>cpp;c;cc;cxx;c++;cppm;ixx;def;odl;idl;hpj;bat;asm;asmx</Extensions>
    </Filter>
    <Filter Include="Pliki nagłówkowe">
      <UniqueIdentifier>{93995380-89BD-4b04-88EB-625FBE52EBFB}</UniqueIdentifier>
      <Extensions>h;hh;hpp;hxx;h++;hm;inl;inc;ipp;xsd</Extensions>
    </Filter>
    <Filter Include="Pliki zasobów">
      <UniqueIdentifier>{67DA6AB6-F800-4c08-8B7A-83BB121AAD01}</UniqueIdentifier>
      <Extensions>rc;ico;cur;bmp;dlg;rc2;rct;bin;rgs;gif;jpg;jpeg;jpe;resx;tiff;tif;png;wav;mfcribbon-ms</Extensions>
    </Filter>
    <Filter Include="Pliki źródłowe\RenderNodes">
      <UniqueIdentifier>{c0ea930c-450c-468b-b48a-bcc64f7f9034}</UniqueIdentifier>
    </Filter>
    <Filter Include="Pliki nagłówkowe\RenderNodes">
      <UniqueIdentifier>{18537608-36ef-4ee6-9bd0-c92103f0080c}</UniqueIdentifier>
    </Filter>
    <Filter Include="Pliki nagłówkowe\Descriptors">
      <UniqueIdentifier>{611d5495-4d42-4388-85ce-192ebb3c8edc}</UniqueIdentifier>
    </Filter>
    <Filter Include="Pliki nagłówkowe\Utils">
      <UniqueIdentifier>{38e01d32-2e1b-4aba-a0b1-27a745ffb27c}</UniqueIdentifier>
    </Filter>
    <Filter Include="Pliki nagłówkowe\Enums">
      <UniqueIdentifier>{f88a923f-f08e-4014-a0e5-88c8379760a9}</UniqueIdentifier>
    </Filter>
    <Filter Include="Pliki źródłowe\Utils">
      <UniqueIdentifier>{742d8a68-98ff-47e5-a4f3-7622f76e7d4f}</UniqueIdentifier>
    </Filter>
    <Filter Include="Pliki nagłówkowe\Basic3DEnviro">
      <UniqueIdentifier>{3e18a2a2-6cb7-4034-825b-30357764c518}</UniqueIdentifier>
    </Filter>
    <Filter Include="Pliki źródłowe\Basic3DEnviro">
      <UniqueIdentifier>{4e65c145-40d5-42ca-9ac4-be4af07c6add}</UniqueIdentifier>
    </Filter>
  </ItemGroup>
  <ItemGroup>
    <ClCompile Include="OGL_1.cpp">
      <Filter>Pliki źródłowe</Filter>
    </ClCompile>
    <ClCompile Include="TextureData.cpp">
      <Filter>Pliki źródłowe</Filter>
    </ClCompile>
    <ClCompile Include="Mesh.cpp">
      <Filter>Pliki źródłowe</Filter>
    </ClCompile>
    <ClCompile Include="Object.cpp">
      <Filter>Pliki źródłowe</Filter>
    </ClCompile>
    <ClCompile Include="MeshData.cpp">
      <Filter>Pliki źródłowe</Filter>
    </ClCompile>
    <ClCompile Include="Material.cpp">
      <Filter>Pliki źródłowe</Filter>
    </ClCompile>
    <ClCompile Include="Program.cpp">
      <Filter>Pliki źródłowe</Filter>
    </ClCompile>
    <ClCompile Include="Shader.cpp">
      <Filter>Pliki źródłowe</Filter>
    </ClCompile>
    <ClCompile Include="Camera.cpp">
      <Filter>Pliki źródłowe</Filter>
    </ClCompile>
    <ClCompile Include="Light.cpp">
      <Filter>Pliki źródłowe</Filter>
    </ClCompile>
    <ClCompile Include="ObjectTransformation.cpp">
      <Filter>Pliki źródłowe</Filter>
    </ClCompile>
    <ClCompile Include="ShadowFramebuffer.cpp">
      <Filter>Pliki źródłowe</Filter>
    </ClCompile>
    <ClCompile Include="TimeDrivenMovement.cpp">
      <Filter>Pliki źródłowe</Filter>
    </ClCompile>
    <ClCompile Include="TGLTFLoader.cpp">
      <Filter>Pliki źródłowe</Filter>
    </ClCompile>
    <ClCompile Include="Texture.cpp">
      <Filter>Pliki źródłowe</Filter>
    </ClCompile>
    <ClCompile Include="TextureContainer.cpp">
      <Filter>Pliki źródłowe</Filter>
    </ClCompile>
    <ClCompile Include="Framebuffer.cpp">
      <Filter>Pliki źródłowe</Filter>
    </ClCompile>
    <ClCompile Include="RenderNodes\IRenderNode.cpp">
      <Filter>Pliki źródłowe\RenderNodes</Filter>
    </ClCompile>
    <ClCompile Include="RenderNodes\IRenderWorldNode.cpp">
      <Filter>Pliki źródłowe\RenderNodes</Filter>
    </ClCompile>
    <ClCompile Include="RenderNodes\RenderShadedWorldNode.cpp">
      <Filter>Pliki źródłowe\RenderNodes</Filter>
    </ClCompile>
    <ClCompile Include="RenderNodes\RenderSkyboxWorldNode.cpp">
      <Filter>Pliki źródłowe\RenderNodes</Filter>
    </ClCompile>
    <ClCompile Include="RenderNodes\RenderDepthWorldNode.cpp">
      <Filter>Pliki źródłowe\RenderNodes</Filter>
    </ClCompile>
    <ClCompile Include="RenderNodes\CameraNodeProperty.cpp">
      <Filter>Pliki źródłowe\RenderNodes</Filter>
    </ClCompile>
    <ClCompile Include="CameraCube.cpp">
      <Filter>Pliki źródłowe</Filter>
    </ClCompile>
    <ClCompile Include="MainWindow.cpp">
      <Filter>Pliki źródłowe</Filter>
    </ClCompile>
    <ClCompile Include="Perspective.cpp">
      <Filter>Pliki źródłowe</Filter>
    </ClCompile>
    <ClCompile Include="TextureManager.cpp">
      <Filter>Pliki źródłowe</Filter>
    </ClCompile>
    <ClCompile Include="TextureResource.cpp">
      <Filter>Pliki źródłowe</Filter>
    </ClCompile>
    <ClCompile Include="TextureHandle.cpp">
      <Filter>Pliki źródłowe</Filter>
    </ClCompile>
    <ClCompile Include="TextureReferencesManager.cpp">
      <Filter>Pliki źródłowe</Filter>
    </ClCompile>
    <ClCompile Include="Utils\GLWrapper.cpp">
      <Filter>Pliki źródłowe\Utils</Filter>
    </ClCompile>
    <ClCompile Include="Basic3DEnviro\Basic3DEnviro.cpp">
      <Filter>Pliki źródłowe\Basic3DEnviro</Filter>
    </ClCompile>
  </ItemGroup>
  <ItemGroup>
    <ClInclude Include="TextureData.h">
      <Filter>Pliki nagłówkowe</Filter>
    </ClInclude>
    <ClInclude Include="Mesh.h">
      <Filter>Pliki nagłówkowe</Filter>
    </ClInclude>
    <ClInclude Include="Object.h">
      <Filter>Pliki nagłówkowe</Filter>
    </ClInclude>
    <ClInclude Include="MeshData.h">
      <Filter>Pliki nagłówkowe</Filter>
    </ClInclude>
    <ClInclude Include="Definitions.h">
      <Filter>Pliki nagłówkowe</Filter>
    </ClInclude>
    <ClInclude Include="Material.h">
      <Filter>Pliki nagłówkowe</Filter>
    </ClInclude>
    <ClInclude Include="DefinitionsGL.h">
      <Filter>Pliki nagłówkowe</Filter>
    </ClInclude>
    <ClInclude Include="Program.h">
      <Filter>Pliki nagłówkowe</Filter>
    </ClInclude>
    <ClInclude Include="Shader.h">
      <Filter>Pliki nagłówkowe</Filter>
    </ClInclude>
    <ClInclude Include="Camera.h">
      <Filter>Pliki nagłówkowe</Filter>
    </ClInclude>
    <ClInclude Include="Light.h">
      <Filter>Pliki nagłówkowe</Filter>
    </ClInclude>
    <ClInclude Include="ObjectTransformation.h">
      <Filter>Pliki nagłówkowe</Filter>
    </ClInclude>
    <ClInclude Include="Predefinitions\PredefinedShaders.h">
      <Filter>Pliki nagłówkowe</Filter>
    </ClInclude>
    <ClInclude Include="Predefinitions\PredefinedMeshes.h">
      <Filter>Pliki nagłówkowe</Filter>
    </ClInclude>
    <ClInclude Include="ShadowFramebuffer.h">
      <Filter>Pliki nagłówkowe</Filter>
    </ClInclude>
    <ClInclude Include="TimeDrivenMovement.h">
      <Filter>Pliki nagłówkowe</Filter>
    </ClInclude>
    <ClInclude Include="TGLTFLoader.h">
      <Filter>Pliki nagłówkowe</Filter>
    </ClInclude>
    <ClInclude Include="Texture.h">
      <Filter>Pliki nagłówkowe</Filter>
    </ClInclude>
    <ClInclude Include="Framebuffer.h">
      <Filter>Pliki nagłówkowe</Filter>
    </ClInclude>
    <ClInclude Include="UniformNames.h">
      <Filter>Pliki nagłówkowe</Filter>
    </ClInclude>
    <ClInclude Include="RenderNodes\IRenderNode.h">
      <Filter>Pliki nagłówkowe\RenderNodes</Filter>
    </ClInclude>
    <ClInclude Include="RenderNodes\IRenderWorldNode.h">
      <Filter>Pliki nagłówkowe\RenderNodes</Filter>
    </ClInclude>
    <ClInclude Include="RenderNodes\RenderShadedWorldNode.h">
      <Filter>Pliki nagłówkowe\RenderNodes</Filter>
    </ClInclude>
    <ClInclude Include="EngineKeywords.h">
      <Filter>Pliki nagłówkowe</Filter>
    </ClInclude>
    <ClInclude Include="RenderNodes\RenderSkyboxWorldNode.h">
      <Filter>Pliki nagłówkowe\RenderNodes</Filter>
    </ClInclude>
    <ClInclude Include="RenderNodes\RenderDepthWorldNode.h">
      <Filter>Pliki nagłówkowe\RenderNodes</Filter>
    </ClInclude>
    <ClInclude Include="RenderNodes\CameraNodeProperty.h">
      <Filter>Pliki nagłówkowe\RenderNodes</Filter>
    </ClInclude>
    <ClInclude Include="CameraCube.h">
      <Filter>Pliki nagłówkowe</Filter>
    </ClInclude>
    <ClInclude Include="TextureContainer.h">
      <Filter>Pliki nagłówkowe</Filter>
    </ClInclude>
    <ClInclude Include="MainWindow.h">
      <Filter>Pliki nagłówkowe</Filter>
    </ClInclude>
    <ClInclude Include="QualitySettings.h">
      <Filter>Pliki nagłówkowe</Filter>
    </ClInclude>
    <ClInclude Include="Perspective.h">
      <Filter>Pliki nagłówkowe</Filter>
    </ClInclude>
    <ClInclude Include="TextureHandle.h">
      <Filter>Pliki nagłówkowe</Filter>
    </ClInclude>
    <ClInclude Include="TextureManager.h">
      <Filter>Pliki nagłówkowe</Filter>
    </ClInclude>
    <ClInclude Include="Descriptors\FramebufferDesc.h">
      <Filter>Pliki nagłówkowe\Descriptors</Filter>
    </ClInclude>
    <ClInclude Include="Descriptors\RenderBufferAttachmentDesc.h">
      <Filter>Pliki nagłówkowe\Descriptors</Filter>
    </ClInclude>
    <ClInclude Include="Descriptors\ResolutionDesc.h">
      <Filter>Pliki nagłówkowe\Descriptors</Filter>
    </ClInclude>
    <ClInclude Include="Descriptors\TextureAttachmentDesc.h">
      <Filter>Pliki nagłówkowe\Descriptors</Filter>
    </ClInclude>
    <ClInclude Include="Descriptors\TextureDesc.h">
      <Filter>Pliki nagłówkowe\Descriptors</Filter>
    </ClInclude>
    <ClInclude Include="Descriptors\TextureFormatDesc.h">
      <Filter>Pliki nagłówkowe\Descriptors</Filter>
    </ClInclude>
    <ClInclude Include="Descriptors\TextureSamplingDesc.h">
      <Filter>Pliki nagłówkowe\Descriptors</Filter>
    </ClInclude>
    <ClInclude Include="Utils\NonCopyableNonMovable.h">
      <Filter>Pliki nagłówkowe\Utils</Filter>
    </ClInclude>
    <ClInclude Include="TextureResource.h">
      <Filter>Pliki nagłówkowe</Filter>
    </ClInclude>
    <ClInclude Include="TextureReferencesManager.h">
      <Filter>Pliki nagłówkowe</Filter>
    </ClInclude>
    <ClInclude Include="Enums\TextureColorEnums.h">
      <Filter>Pliki nagłówkowe\Enums</Filter>
    </ClInclude>
    <ClInclude Include="Enums\TextureParameterEnums.h">
      <Filter>Pliki nagłówkowe\Enums</Filter>
    </ClInclude>
    <ClInclude Include="Enums\Utils.h">
      <Filter>Pliki nagłówkowe\Enums</Filter>
    </ClInclude>
    <ClInclude Include="Enums\Converters.h">
      <Filter>Pliki nagłówkowe\Enums</Filter>
    </ClInclude>
    <ClInclude Include="Enums\GLTypes.h">
      <Filter>Pliki nagłówkowe\Enums</Filter>
    </ClInclude>
    <ClInclude Include="Utils\GLWrapper.h">
      <Filter>Pliki nagłówkowe\Utils</Filter>
    </ClInclude>
    <ClInclude Include="Basic3DEnviro\Basic3DEnviro.h">
      <Filter>Pliki nagłówkowe\Basic3DEnviro</Filter>
    </ClInclude>
  </ItemGroup>
  <ItemGroup>
    <Text Include="doc\Changelog.txt">
      <Filter>Pliki zasobów</Filter>
    </Text>
  </ItemGroup>
</Project>